
Microsoft Visual Studio Solution File, Format Version 12.00
# Visual Studio Version 16
VisualStudioVersion = 16.0.30907.101
MinimumVisualStudioVersion = 10.0.40219.1
Project("{FAE04EC0-301F-11D3-BF4B-00C04F79EFBC}") = "UpperStartup", "UpperStartup\UpperStartup.csproj", "{BB9A2F70-C7D2-4CAB-9809-4829A651874C}"
EndProject
Global
	GlobalSection(SolutionConfigurationPlatforms) = preSolution
		Debug|Any CPU = Debug|Any CPU
		Release|Any CPU = Release|Any CPU
	EndGlobalSection
	GlobalSection(ProjectConfigurationPlatforms) = postSolution
		{BB9A2F70-C7D2-4CAB-9809-4829A651874C}.Debug|Any CPU.ActiveCfg = Debug|Any CPU
		{BB9A2F70-C7D2-4CAB-9809-4829A651874C}.Debug|Any CPU.Build.0 = Debug|Any CPU
		{BB9A2F70-C7D2-4CAB-9809-4829A651874C}.Release|Any CPU.ActiveCfg = Release|Any CPU
		{BB9A2F70-C7D2-4CAB-9809-4829A651874C}.Release|Any CPU.Build.0 = Release|Any CPU
	EndGlobalSection
	GlobalSection(SolutionProperties) = preSolution
		HideSolutionNode = FALSE
	EndGlobalSection
	GlobalSection(ExtensibilityGlobals) = postSolution
		SolutionGuid = {44FE64A7-E1BE-472F-9911-5FF31A3D18E3}
	EndGlobalSection
EndGlobal
